
Microsoft Visual Studio Solution File, Format Version 12.00
# Visual Studio Version 17
VisualStudioVersion = 17.4.33213.308
MinimumVisualStudioVersion = 10.0.40219.1
Project("{FAE04EC0-301F-11D3-BF4B-00C04F79EFBC}") = "ComponentStyles", "ComponentStyles\ComponentStyles.csproj", "{EE387F20-B7D4-4C7D-8508-A56713F19563}"
EndProject
Global
	GlobalSection(SolutionConfigurationPlatforms) = preSolution
		Debug|Any CPU = Debug|Any CPU
		Release|Any CPU = Release|Any CPU
	EndGlobalSection
	GlobalSection(ProjectConfigurationPlatforms) = postSolution
		{EE387F20-B7D4-4C7D-8508-A56713F19563}.Debug|Any CPU.ActiveCfg = Debug|Any CPU
		{EE387F20-B7D4-4C7D-8508-A56713F19563}.Debug|Any CPU.Build.0 = Debug|Any CPU
		{EE387F20-B7D4-4C7D-8508-A56713F19563}.Release|Any CPU.ActiveCfg = Release|Any CPU
		{EE387F20-B7D4-4C7D-8508-A56713F19563}.Release|Any CPU.Build.0 = Release|Any CPU
	EndGlobalSection
	GlobalSection(SolutionProperties) = preSolution
		HideSolutionNode = FALSE
	EndGlobalSection
	GlobalSection(ExtensibilityGlobals) = postSolution
		SolutionGuid = {541923F0-908E-419E-854B-1B92DC385BBE}
	EndGlobalSection
EndGlobal
